
Microsoft Visual Studio Solution File, Format Version 12.00
# Visual Studio Version 17
VisualStudioVersion = 17.1.32228.430
MinimumVisualStudioVersion = 10.0.40219.1
Project("{FAE04EC0-301F-11D3-BF4B-00C04F79EFBC}") = "Examen2Grey.Android", "Examen2Grey.Android\Examen2Grey.Android.csproj", "{7A3D7854-CDFC-4F08-BE49-3ED4859E4639}"
EndProject
Project("{FAE04EC0-301F-11D3-BF4B-00C04F79EFBC}") = "Examen2Grey", "Examen2Grey\Examen2Grey.csproj", "{763EB924-A725-41D6-B300-0618A4541BD9}"
EndProject
Global
	GlobalSection(SolutionConfigurationPlatforms) = preSolution
		Debug|Any CPU = Debug|Any CPU
		Release|Any CPU = Release|Any CPU
	EndGlobalSection
	GlobalSection(ProjectConfigurationPlatforms) = postSolution
		{7A3D7854-CDFC-4F08-BE49-3ED4859E4639}.Debug|Any CPU.ActiveCfg = Debug|Any CPU
		{7A3D7854-CDFC-4F08-BE49-3ED4859E4639}.Debug|Any CPU.Build.0 = Debug|Any CPU
		{7A3D7854-CDFC-4F08-BE49-3ED4859E4639}.Debug|Any CPU.Deploy.0 = Debug|Any CPU
		{7A3D7854-CDFC-4F08-BE49-3ED4859E4639}.Release|Any CPU.ActiveCfg = Release|Any CPU
		{7A3D7854-CDFC-4F08-BE49-3ED4859E4639}.Release|Any CPU.Build.0 = Release|Any CPU
		{7A3D7854-CDFC-4F08-BE49-3ED4859E4639}.Release|Any CPU.Deploy.0 = Release|Any CPU
		{763EB924-A725-41D6-B300-0618A4541BD9}.Debug|Any CPU.ActiveCfg = Debug|Any CPU
		{763EB924-A725-41D6-B300-0618A4541BD9}.Debug|Any CPU.Build.0 = Debug|Any CPU
		{763EB924-A725-41D6-B300-0618A4541BD9}.Debug|Any CPU.Deploy.0 = Debug|Any CPU
		{763EB924-A725-41D6-B300-0618A4541BD9}.Release|Any CPU.ActiveCfg = Release|Any CPU
		{763EB924-A725-41D6-B300-0618A4541BD9}.Release|Any CPU.Build.0 = Release|Any CPU
		{763EB924-A725-41D6-B300-0618A4541BD9}.Release|Any CPU.Deploy.0 = Release|Any CPU
	EndGlobalSection
	GlobalSection(SolutionProperties) = preSolution
		HideSolutionNode = FALSE
	EndGlobalSection
	GlobalSection(ExtensibilityGlobals) = postSolution
		SolutionGuid = {B7FAC4DE-B0CD-4322-A5CA-13B783B7D3C3}
	EndGlobalSection
EndGlobal
